
Microsoft Visual Studio Solution File, Format Version 12.00
# Visual Studio Version 17
VisualStudioVersion = 17.11.35303.130
MinimumVisualStudioVersion = 10.0.40219.1
Project("{FAE04EC0-301F-11D3-BF4B-00C04F79EFBC}") = "TodoApi", "TodoApi\TodoApi.csproj", "{2CCFAA69-25B6-490E-B308-630C7F623183}"
EndProject
Global
	GlobalSection(SolutionConfigurationPlatforms) = preSolution
		Debug|Any CPU = Debug|Any CPU
		Release|Any CPU = Release|Any CPU
	EndGlobalSection
	GlobalSection(ProjectConfigurationPlatforms) = postSolution
		{2CCFAA69-25B6-490E-B308-630C7F623183}.Debug|Any CPU.ActiveCfg = Debug|Any CPU
		{2CCFAA69-25B6-490E-B308-630C7F623183}.Debug|Any CPU.Build.0 = Debug|Any CPU
		{2CCFAA69-25B6-490E-B308-630C7F623183}.Release|Any CPU.ActiveCfg = Release|Any CPU
		{2CCFAA69-25B6-490E-B308-630C7F623183}.Release|Any CPU.Build.0 = Release|Any CPU
	EndGlobalSection
	GlobalSection(SolutionProperties) = preSolution
		HideSolutionNode = FALSE
	EndGlobalSection
	GlobalSection(ExtensibilityGlobals) = postSolution
		SolutionGuid = {413E0CA2-22B8-48A1-94C5-9225CF972B05}
	EndGlobalSection
EndGlobal
